<?xml version="1.0" encoding="utf-8"?>
<Project ToolsVersion="4.0" xmlns="http://schemas.microsoft.com/developer/msbuild/2003">
  <ItemGroup>
    <Filter Include="Исходные файлы">
      <UniqueIdentifier>{4FC737F1-C7A5-4376-A066-2A32D752A2FF}</UniqueIdentifier>
      <Extensions>cpp;c;cc;cxx;c++;cppm;ixx;def;odl;idl;hpj;bat;asm;asmx</Extensions>
    </Filter>
    <Filter Include="Файлы заголовков">
      <UniqueIdentifier>{93995380-89BD-4b04-88EB-625FBE52EBFB}</UniqueIdentifier>
      <Extensions>h;hh;hpp;hxx;h++;hm;inl;inc;ipp;xsd</Extensions>
    </Filter>
    <Filter Include="Файлы ресурсов">
      <UniqueIdentifier>{67DA6AB6-F800-4c08-8B7A-83BB121AAD01}</UniqueIdentifier>
      <Extensions>rc;ico;cur;bmp;dlg;rc2;rct;bin;rgs;gif;jpg;jpeg;jpe;resx;tiff;tif;png;wav;mfcribbon-ms</Extensions>
    </Filter>
    <Filter Include="Файлы заголовков\Engine">
      <UniqueIdentifier>{8990c8b7-9f98-43e8-9daa-e5e748f8ad2f}</UniqueIdentifier>
    </Filter>
    <Filter Include="Файлы заголовков\Sound">
      <UniqueIdentifier>{fe6298b8-770a-4353-bee1-162947210a47}</UniqueIdentifier>
    </Filter>
    <Filter Include="Файлы заголовков\Enemies">
      <UniqueIdentifier>{810ba5f0-01a5-4d98-84f7-e07816b66b3e}</UniqueIdentifier>
    </Filter>
    <Filter Include="Файлы заголовков\UI">
      <UniqueIdentifier>{2cd4dae5-5786-42ad-ab6f-448e8f4b72ad}</UniqueIdentifier>
    </Filter>
    <Filter Include="Файлы заголовков\Features">
      <UniqueIdentifier>{78a88225-f63c-4eb3-8105-402e4db97165}</UniqueIdentifier>
    </Filter>
  </ItemGroup>
  <ItemGroup>
    <ClCompile Include="src\Animation.cpp">
      <Filter>Исходные файлы</Filter>
    </ClCompile>
    <ClCompile Include="src\GameObject.cpp">
      <Filter>Исходные файлы</Filter>
    </ClCompile>
    <ClCompile Include="src\Player.cpp">
      <Filter>Исходные файлы</Filter>
    </ClCompile>
    <ClCompile Include="src\Map.cpp">
      <Filter>Исходные файлы</Filter>
    </ClCompile>
    <ClCompile Include="src\Bullet.cpp">
      <Filter>Исходные файлы</Filter>
    </ClCompile>
    <ClCompile Include="src\Turret.cpp">
      <Filter>Исходные файлы</Filter>
    </ClCompile>
    <ClCompile Include="src\Enemy.cpp">
      <Filter>Исходные файлы</Filter>
    </ClCompile>
    <ClCompile Include="src\ViewBorder.cpp">
      <Filter>Исходные файлы</Filter>
    </ClCompile>
    <ClCompile Include="src\Consumable.cpp">
      <Filter>Исходные файлы</Filter>
    </ClCompile>
    <ClCompile Include="src\HealthBar.cpp">
      <Filter>Исходные файлы</Filter>
    </ClCompile>
    <ClCompile Include="src\Timer.cpp">
      <Filter>Исходные файлы</Filter>
    </ClCompile>
    <ClCompile Include="suicide_squad.cpp">
      <Filter>Исходные файлы</Filter>
    </ClCompile>
    <ClCompile Include="src\EnemiesManager.cpp">
      <Filter>Исходные файлы</Filter>
    </ClCompile>
    <ClCompile Include="src\Portal.cpp">
      <Filter>Исходные файлы</Filter>
    </ClCompile>
    <ClCompile Include="src\SoundManager.cpp">
      <Filter>Исходные файлы</Filter>
    </ClCompile>
    <ClCompile Include="src\MeleeEnemy.cpp">
      <Filter>Исходные файлы</Filter>
    </ClCompile>
    <ClCompile Include="src\RangeEnemy.cpp">
      <Filter>Исходные файлы</Filter>
    </ClCompile>
    <ClCompile Include="src\Boss.cpp">
      <Filter>Исходные файлы</Filter>
    </ClCompile>
    <ClCompile Include="src\View.cpp">
      <Filter>Исходные файлы</Filter>
    </ClCompile>
  </ItemGroup>
  <ItemGroup>
    <ClInclude Include="include\Player.h">
      <Filter>Файлы заголовков</Filter>
    </ClInclude>
    <ClInclude Include="include\Bullet.h">
      <Filter>Файлы заголовков</Filter>
    </ClInclude>
    <ClInclude Include="include\Textures.h">
      <Filter>Файлы заголовков</Filter>
    </ClInclude>
    <ClInclude Include="include\Engine\MapObject.h">
      <Filter>Файлы заголовков\Engine</Filter>
    </ClInclude>
    <ClInclude Include="include\Engine\Map.h">
      <Filter>Файлы заголовков\Engine</Filter>
    </ClInclude>
    <ClInclude Include="include\Engine\GameObject.h">
      <Filter>Файлы заголовков\Engine</Filter>
    </ClInclude>
    <ClInclude Include="include\Engine\CircleBuffer.hpp">
      <Filter>Файлы заголовков\Engine</Filter>
    </ClInclude>
    <ClInclude Include="include\Engine\Animation.h">
      <Filter>Файлы заголовков\Engine</Filter>
    </ClInclude>
    <ClInclude Include="include\Sound\Sounds.h">
      <Filter>Файлы заголовков\Sound</Filter>
    </ClInclude>
    <ClInclude Include="include\Sound\SoundManager.h">
      <Filter>Файлы заголовков\Sound</Filter>
    </ClInclude>
    <ClInclude Include="include\Enemies\ViewBorder.h">
      <Filter>Файлы заголовков\Enemies</Filter>
    </ClInclude>
    <ClInclude Include="include\Enemies\Turret.h">
      <Filter>Файлы заголовков\Enemies</Filter>
    </ClInclude>
    <ClInclude Include="include\Enemies\Enemy.h">
      <Filter>Файлы заголовков\Enemies</Filter>
    </ClInclude>
    <ClInclude Include="include\Enemies\EnemiesManager.h">
      <Filter>Файлы заголовков\Enemies</Filter>
    </ClInclude>
    <ClInclude Include="include\UI\Timer.h">
      <Filter>Файлы заголовков\UI</Filter>
    </ClInclude>
    <ClInclude Include="include\UI\HealthBar.h">
      <Filter>Файлы заголовков\UI</Filter>
    </ClInclude>
    <ClInclude Include="include\Features\Portal.h">
      <Filter>Файлы заголовков\Features</Filter>
    </ClInclude>
    <ClInclude Include="include\Features\Consumable.h">
      <Filter>Файлы заголовков\Features</Filter>
    </ClInclude>
    <ClInclude Include="include\Engine\Globals.h">
      <Filter>Файлы заголовков\Engine</Filter>
    </ClInclude>
    <ClInclude Include="include\Enemies\MeleeEnemy.h">
      <Filter>Файлы заголовков\Enemies</Filter>
    </ClInclude>
    <ClInclude Include="include\Enemies\RangeEnemy.h">
      <Filter>Файлы заголовков\Enemies</Filter>
    </ClInclude>
    <ClInclude Include="include\Enemies\Boss.h">
      <Filter>Файлы заголовков\Enemies</Filter>
    </ClInclude>
    <ClInclude Include="include\Enemies\View.h">
      <Filter>Файлы заголовков\Enemies</Filter>
    </ClInclude>
  </ItemGroup>
</Project>